
Microsoft Visual Studio Solution File, Format Version 11.00
# Visual Studio 2010
Project("{FAE04EC0-301F-11D3-BF4B-00C04F79EFBC}") = "Gameworld_Mapdesign", "Assembly-CSharp.csproj", "{106A09D1-DC20-0387-20A6-5E6E2975AE30}"
EndProject
Project("{FAE04EC0-301F-11D3-BF4B-00C04F79EFBC}") = "Gameworld_Mapdesign", "Assembly-CSharp-Editor.csproj", "{26B1EE5E-A5B7-4931-1B42-51CA4E66D9F6}"
EndProject
Global
	GlobalSection(SolutionConfigurationPlatforms) = preSolution
		Debug|Any CPU = Debug|Any CPU
		Release|Any CPU = Release|Any CPU
	EndGlobalSection
	GlobalSection(ProjectConfigurationPlatforms) = postSolution
		{106A09D1-DC20-0387-20A6-5E6E2975AE30}.Debug|Any CPU.ActiveCfg = Debug|Any CPU
		{106A09D1-DC20-0387-20A6-5E6E2975AE30}.Debug|Any CPU.Build.0 = Debug|Any CPU
		{106A09D1-DC20-0387-20A6-5E6E2975AE30}.Release|Any CPU.ActiveCfg = Release|Any CPU
		{106A09D1-DC20-0387-20A6-5E6E2975AE30}.Release|Any CPU.Build.0 = Release|Any CPU
		{26B1EE5E-A5B7-4931-1B42-51CA4E66D9F6}.Debug|Any CPU.ActiveCfg = Debug|Any CPU
		{26B1EE5E-A5B7-4931-1B42-51CA4E66D9F6}.Debug|Any CPU.Build.0 = Debug|Any CPU
		{26B1EE5E-A5B7-4931-1B42-51CA4E66D9F6}.Release|Any CPU.ActiveCfg = Release|Any CPU
		{26B1EE5E-A5B7-4931-1B42-51CA4E66D9F6}.Release|Any CPU.Build.0 = Release|Any CPU
	EndGlobalSection
	GlobalSection(SolutionProperties) = preSolution
		HideSolutionNode = FALSE
	EndGlobalSection
	GlobalSection(MonoDevelopProperties) = preSolution
		StartupItem = Assembly-CSharp.csproj
	EndGlobalSection
EndGlobal
